
Microsoft Visual Studio Solution File, Format Version 12.00
# Visual Studio Version 17
VisualStudioVersion = 17.8.34330.188
MinimumVisualStudioVersion = 10.0.40219.1
Project("{FAE04EC0-301F-11D3-BF4B-00C04F79EFBC}") = "MLapp", "MLapp\MLapp.csproj", "{3E8C9C54-931B-4CF3-8EA8-F318C4DCEFF9}"
EndProject
Global
	GlobalSection(SolutionConfigurationPlatforms) = preSolution
		Debug|Any CPU = Debug|Any CPU
		Release|Any CPU = Release|Any CPU
	EndGlobalSection
	GlobalSection(ProjectConfigurationPlatforms) = postSolution
		{3E8C9C54-931B-4CF3-8EA8-F318C4DCEFF9}.Debug|Any CPU.ActiveCfg = Debug|Any CPU
		{3E8C9C54-931B-4CF3-8EA8-F318C4DCEFF9}.Debug|Any CPU.Build.0 = Debug|Any CPU
		{3E8C9C54-931B-4CF3-8EA8-F318C4DCEFF9}.Release|Any CPU.ActiveCfg = Release|Any CPU
		{3E8C9C54-931B-4CF3-8EA8-F318C4DCEFF9}.Release|Any CPU.Build.0 = Release|Any CPU
	EndGlobalSection
	GlobalSection(SolutionProperties) = preSolution
		HideSolutionNode = FALSE
	EndGlobalSection
	GlobalSection(ExtensibilityGlobals) = postSolution
		SolutionGuid = {24611EDC-EC88-4A3C-BACB-392A0BBB9BDD}
	EndGlobalSection
EndGlobal
